
Microsoft Visual Studio Solution File, Format Version 12.00
# Visual Studio 15
VisualStudioVersion = 15.0.26124.0
MinimumVisualStudioVersion = 15.0.26124.0
Project("{2150E333-8FDC-42A3-9474-1A3956D46DE8}") = "src", "src", "{90B6649A-9F42-4270-BD5B-8A4E70856C55}"
EndProject
Project("{FAE04EC0-301F-11D3-BF4B-00C04F79EFBC}") = "BufferList", "src\BufferList\BufferList.csproj", "{68AE1518-2E26-426E-8EAA-69C24DF5C123}"
EndProject
Project("{2150E333-8FDC-42A3-9474-1A3956D46DE8}") = "tests", "tests", "{0E917347-F7A4-49EA-A5DC-E78299B9BC5C}"
EndProject
Project("{FAE04EC0-301F-11D3-BF4B-00C04F79EFBC}") = "BufferList.UnitTests", "tests\UnitTests\BufferList.UnitTests.csproj", "{6764202B-3420-4D15-91D9-7776733D53BD}"
EndProject
Global
	GlobalSection(SolutionConfigurationPlatforms) = preSolution
		Debug|Any CPU = Debug|Any CPU
		Debug|x64 = Debug|x64
		Debug|x86 = Debug|x86
		Release|Any CPU = Release|Any CPU
		Release|x64 = Release|x64
		Release|x86 = Release|x86
	EndGlobalSection
	GlobalSection(SolutionProperties) = preSolution
		HideSolutionNode = FALSE
	EndGlobalSection
	GlobalSection(ProjectConfigurationPlatforms) = postSolution
		{68AE1518-2E26-426E-8EAA-69C24DF5C123}.Debug|Any CPU.ActiveCfg = Debug|Any CPU
		{68AE1518-2E26-426E-8EAA-69C24DF5C123}.Debug|Any CPU.Build.0 = Debug|Any CPU
		{68AE1518-2E26-426E-8EAA-69C24DF5C123}.Debug|x64.ActiveCfg = Debug|Any CPU
		{68AE1518-2E26-426E-8EAA-69C24DF5C123}.Debug|x64.Build.0 = Debug|Any CPU
		{68AE1518-2E26-426E-8EAA-69C24DF5C123}.Debug|x86.ActiveCfg = Debug|Any CPU
		{68AE1518-2E26-426E-8EAA-69C24DF5C123}.Debug|x86.Build.0 = Debug|Any CPU
		{68AE1518-2E26-426E-8EAA-69C24DF5C123}.Release|Any CPU.ActiveCfg = Release|Any CPU
		{68AE1518-2E26-426E-8EAA-69C24DF5C123}.Release|Any CPU.Build.0 = Release|Any CPU
		{68AE1518-2E26-426E-8EAA-69C24DF5C123}.Release|x64.ActiveCfg = Release|Any CPU
		{68AE1518-2E26-426E-8EAA-69C24DF5C123}.Release|x64.Build.0 = Release|Any CPU
		{68AE1518-2E26-426E-8EAA-69C24DF5C123}.Release|x86.ActiveCfg = Release|Any CPU
		{68AE1518-2E26-426E-8EAA-69C24DF5C123}.Release|x86.Build.0 = Release|Any CPU
		{6764202B-3420-4D15-91D9-7776733D53BD}.Debug|Any CPU.ActiveCfg = Debug|Any CPU
		{6764202B-3420-4D15-91D9-7776733D53BD}.Debug|Any CPU.Build.0 = Debug|Any CPU
		{6764202B-3420-4D15-91D9-7776733D53BD}.Debug|x64.ActiveCfg = Debug|Any CPU
		{6764202B-3420-4D15-91D9-7776733D53BD}.Debug|x64.Build.0 = Debug|Any CPU
		{6764202B-3420-4D15-91D9-7776733D53BD}.Debug|x86.ActiveCfg = Debug|Any CPU
		{6764202B-3420-4D15-91D9-7776733D53BD}.Debug|x86.Build.0 = Debug|Any CPU
		{6764202B-3420-4D15-91D9-7776733D53BD}.Release|Any CPU.ActiveCfg = Release|Any CPU
		{6764202B-3420-4D15-91D9-7776733D53BD}.Release|Any CPU.Build.0 = Release|Any CPU
		{6764202B-3420-4D15-91D9-7776733D53BD}.Release|x64.ActiveCfg = Release|Any CPU
		{6764202B-3420-4D15-91D9-7776733D53BD}.Release|x64.Build.0 = Release|Any CPU
		{6764202B-3420-4D15-91D9-7776733D53BD}.Release|x86.ActiveCfg = Release|Any CPU
		{6764202B-3420-4D15-91D9-7776733D53BD}.Release|x86.Build.0 = Release|Any CPU
	EndGlobalSection
	GlobalSection(NestedProjects) = preSolution
		{68AE1518-2E26-426E-8EAA-69C24DF5C123} = {90B6649A-9F42-4270-BD5B-8A4E70856C55}
		{6764202B-3420-4D15-91D9-7776733D53BD} = {0E917347-F7A4-49EA-A5DC-E78299B9BC5C}
	EndGlobalSection
EndGlobal
