
Microsoft Visual Studio Solution File, Format Version 12.00
# Visual Studio 15
VisualStudioVersion = 15.0.26124.0
MinimumVisualStudioVersion = 15.0.26124.0
Project("{2150E333-8FDC-42A3-9474-1A3956D46DE8}") = "src", "src", "{C5BA73BD-3F82-480E-A77F-B36EC8F28045}"
EndProject
Project("{FAE04EC0-301F-11D3-BF4B-00C04F79EFBC}") = "TRBufferList.Core", "src\Core\TRBufferList.Core.csproj", "{FAD8657A-D916-4178-A50F-A5963F27A6CF}"
EndProject
Project("{2150E333-8FDC-42A3-9474-1A3956D46DE8}") = "tests", "tests", "{4B4C57B5-20C1-4287-AF1C-6DA984D069D9}"
EndProject
Project("{FAE04EC0-301F-11D3-BF4B-00C04F79EFBC}") = "TRBufferList.Core.Tests", "tests\Core\TRBufferList.Core.Tests.csproj", "{8AA591A6-B1FF-49B4-9356-3860920852B2}"
EndProject
Project("{2150E333-8FDC-42A3-9474-1A3956D46DE8}") = "samples", "samples", "{698FF47F-A282-43F3-8605-19E1CE79B4F5}"
EndProject
Project("{FAE04EC0-301F-11D3-BF4B-00C04F79EFBC}") = "ConsoleApp", "samples\ConsoleApp\ConsoleApp.csproj", "{7E7D93D5-8424-48A1-B08B-6051B2A72666}"
EndProject
Global
	GlobalSection(SolutionConfigurationPlatforms) = preSolution
		Debug|Any CPU = Debug|Any CPU
		Debug|x64 = Debug|x64
		Debug|x86 = Debug|x86
		Release|Any CPU = Release|Any CPU
		Release|x64 = Release|x64
		Release|x86 = Release|x86
	EndGlobalSection
	GlobalSection(SolutionProperties) = preSolution
		HideSolutionNode = FALSE
	EndGlobalSection
	GlobalSection(ProjectConfigurationPlatforms) = postSolution
		{FAD8657A-D916-4178-A50F-A5963F27A6CF}.Debug|Any CPU.ActiveCfg = Debug|Any CPU
		{FAD8657A-D916-4178-A50F-A5963F27A6CF}.Debug|Any CPU.Build.0 = Debug|Any CPU
		{FAD8657A-D916-4178-A50F-A5963F27A6CF}.Debug|x64.ActiveCfg = Debug|Any CPU
		{FAD8657A-D916-4178-A50F-A5963F27A6CF}.Debug|x64.Build.0 = Debug|Any CPU
		{FAD8657A-D916-4178-A50F-A5963F27A6CF}.Debug|x86.ActiveCfg = Debug|Any CPU
		{FAD8657A-D916-4178-A50F-A5963F27A6CF}.Debug|x86.Build.0 = Debug|Any CPU
		{FAD8657A-D916-4178-A50F-A5963F27A6CF}.Release|Any CPU.ActiveCfg = Release|Any CPU
		{FAD8657A-D916-4178-A50F-A5963F27A6CF}.Release|Any CPU.Build.0 = Release|Any CPU
		{FAD8657A-D916-4178-A50F-A5963F27A6CF}.Release|x64.ActiveCfg = Release|Any CPU
		{FAD8657A-D916-4178-A50F-A5963F27A6CF}.Release|x64.Build.0 = Release|Any CPU
		{FAD8657A-D916-4178-A50F-A5963F27A6CF}.Release|x86.ActiveCfg = Release|Any CPU
		{FAD8657A-D916-4178-A50F-A5963F27A6CF}.Release|x86.Build.0 = Release|Any CPU
		{8AA591A6-B1FF-49B4-9356-3860920852B2}.Debug|Any CPU.ActiveCfg = Debug|Any CPU
		{8AA591A6-B1FF-49B4-9356-3860920852B2}.Debug|Any CPU.Build.0 = Debug|Any CPU
		{8AA591A6-B1FF-49B4-9356-3860920852B2}.Debug|x64.ActiveCfg = Debug|Any CPU
		{8AA591A6-B1FF-49B4-9356-3860920852B2}.Debug|x64.Build.0 = Debug|Any CPU
		{8AA591A6-B1FF-49B4-9356-3860920852B2}.Debug|x86.ActiveCfg = Debug|Any CPU
		{8AA591A6-B1FF-49B4-9356-3860920852B2}.Debug|x86.Build.0 = Debug|Any CPU
		{8AA591A6-B1FF-49B4-9356-3860920852B2}.Release|Any CPU.ActiveCfg = Release|Any CPU
		{8AA591A6-B1FF-49B4-9356-3860920852B2}.Release|Any CPU.Build.0 = Release|Any CPU
		{8AA591A6-B1FF-49B4-9356-3860920852B2}.Release|x64.ActiveCfg = Release|Any CPU
		{8AA591A6-B1FF-49B4-9356-3860920852B2}.Release|x64.Build.0 = Release|Any CPU
		{8AA591A6-B1FF-49B4-9356-3860920852B2}.Release|x86.ActiveCfg = Release|Any CPU
		{8AA591A6-B1FF-49B4-9356-3860920852B2}.Release|x86.Build.0 = Release|Any CPU
		{7E7D93D5-8424-48A1-B08B-6051B2A72666}.Debug|Any CPU.ActiveCfg = Debug|Any CPU
		{7E7D93D5-8424-48A1-B08B-6051B2A72666}.Debug|Any CPU.Build.0 = Debug|Any CPU
		{7E7D93D5-8424-48A1-B08B-6051B2A72666}.Debug|x64.ActiveCfg = Debug|Any CPU
		{7E7D93D5-8424-48A1-B08B-6051B2A72666}.Debug|x64.Build.0 = Debug|Any CPU
		{7E7D93D5-8424-48A1-B08B-6051B2A72666}.Debug|x86.ActiveCfg = Debug|Any CPU
		{7E7D93D5-8424-48A1-B08B-6051B2A72666}.Debug|x86.Build.0 = Debug|Any CPU
		{7E7D93D5-8424-48A1-B08B-6051B2A72666}.Release|Any CPU.ActiveCfg = Release|Any CPU
		{7E7D93D5-8424-48A1-B08B-6051B2A72666}.Release|Any CPU.Build.0 = Release|Any CPU
		{7E7D93D5-8424-48A1-B08B-6051B2A72666}.Release|x64.ActiveCfg = Release|Any CPU
		{7E7D93D5-8424-48A1-B08B-6051B2A72666}.Release|x64.Build.0 = Release|Any CPU
		{7E7D93D5-8424-48A1-B08B-6051B2A72666}.Release|x86.ActiveCfg = Release|Any CPU
		{7E7D93D5-8424-48A1-B08B-6051B2A72666}.Release|x86.Build.0 = Release|Any CPU
	EndGlobalSection
	GlobalSection(NestedProjects) = preSolution
		{FAD8657A-D916-4178-A50F-A5963F27A6CF} = {C5BA73BD-3F82-480E-A77F-B36EC8F28045}
		{8AA591A6-B1FF-49B4-9356-3860920852B2} = {4B4C57B5-20C1-4287-AF1C-6DA984D069D9}
		{7E7D93D5-8424-48A1-B08B-6051B2A72666} = {698FF47F-A282-43F3-8605-19E1CE79B4F5}
	EndGlobalSection
EndGlobal
